
Microsoft Visual Studio Solution File, Format Version 12.00
#
Project("{FAE04EC0-301F-11D3-BF4B-00C04F79EFBC}") = "TicketNest.Shared", "TicketNest.Shared\TicketNest.Shared.csproj", "{287BE28A-8D94-49FE-B9E1-85FA6DA931A8}"
EndProject
Project("{2150E333-8FDC-42A3-9474-1A3956D46DE8}") = "Nuget", "Nuget", "{9CCE8B76-CA57-4A81-9CDA-C8D2A22F7402}"
	ProjectSection(SolutionItems) = preProject
		Directory.Packages.props = Directory.Packages.props
	EndProjectSection
EndProject
Project("{2150E333-8FDC-42A3-9474-1A3956D46DE8}") = "Tests", "Tests", "{20EFEB38-E5EC-46B9-A122-C9C80434F6EA}"
EndProject
Project("{FAE04EC0-301F-11D3-BF4B-00C04F79EFBC}") = "TicketNest.UnitTests", "TicketNest.UnitTests\TicketNest.UnitTests.csproj", "{15713240-ED21-4E45-86A5-05F2BC14938A}"
EndProject
Project("{2150E333-8FDC-42A3-9474-1A3956D46DE8}") = "CI", "CI", "{64319145-1CCF-42A2-9CD6-E9A5A2A6FD9C}"
	ProjectSection(SolutionItems) = preProject
		.github\workflows\BuildBackend.yml = .github\workflows\BuildBackend.yml
	EndProjectSection
EndProject
Project("{2150E333-8FDC-42A3-9474-1A3956D46DE8}") = "Readme", "Readme", "{7BCC4469-4FC5-4844-ADB4-E4F40FE15DD6}"
	ProjectSection(SolutionItems) = preProject
		README.md = README.md
	EndProjectSection
EndProject
Project("{FAE04EC0-301F-11D3-BF4B-00C04F79EFBC}") = "TicketNest.IntegrationTests", "TicketNest.IntegrationTests\TicketNest.IntegrationTests.csproj", "{B0ABF622-FF9D-4ED5-A03B-14D83ABFBB0C}"
EndProject
Project("{FAE04EC0-301F-11D3-BF4B-00C04F79EFBC}") = "TicketNest.Auth.Api", "TicketNest.Auth.Api\TicketNest.Auth.Api.csproj", "{CEACB1D7-F626-4160-B8D7-30F74D0032D7}"
EndProject
Project("{FAE04EC0-301F-11D3-BF4B-00C04F79EFBC}") = "TicketNest.Domain.Auth", "TicketNest.Domain.Auth\TicketNest.Domain.Auth.csproj", "{15CE9849-A248-46D4-BCB6-95C16F0A122F}"
EndProject
Project("{FAE04EC0-301F-11D3-BF4B-00C04F79EFBC}") = "TicketNest.DataAccess.Auth", "TicketNest.DataAccess.Auth\TicketNest.DataAccess.Auth.csproj", "{27044DEF-4DE5-467F-888B-A55E2C91DC46}"
EndProject
Project("{FAE04EC0-301F-11D3-BF4B-00C04F79EFBC}") = "TicketNest.Application.Auth", "TicketNest.Application.Auth\TicketNest.Application.Auth.csproj", "{2366412D-0C47-4E80-AAE7-16C147DFFBEB}"
EndProject
Project("{FAE04EC0-301F-11D3-BF4B-00C04F79EFBC}") = "TicketNest.Domain.Events", "TicketNest.Domain.Events\TicketNest.Domain.Events.csproj", "{383EDF03-E7CB-43F3-AD0C-39D264DAE00D}"
EndProject
Project("{FAE04EC0-301F-11D3-BF4B-00C04F79EFBC}") = "TicketNest.DataAccess.Events", "TicketNest.DataAccess.Events\TicketNest.DataAccess.Events.csproj", "{FBF9810F-0470-4924-B2B7-8E1EC36F38D0}"
EndProject
Project("{FAE04EC0-301F-11D3-BF4B-00C04F79EFBC}") = "TicketNest.Application.Events", "TicketNest.Application.Events\TicketNest.Application.Events.csproj", "{B7A99418-B34B-428E-B06E-42A6BD6E6F7C}"
EndProject
Project("{2150E333-8FDC-42A3-9474-1A3956D46DE8}") = "Auth", "Auth", "{0866FB80-D942-477B-88D9-D2669B65BB39}"
EndProject
Project("{2150E333-8FDC-42A3-9474-1A3956D46DE8}") = "Events", "Events", "{E84FEDFE-404C-488F-AF72-89D50C8ED8E4}"
EndProject
Project("{FAE04EC0-301F-11D3-BF4B-00C04F79EFBC}") = "TicketNest.Events.Api", "TicketNest.Events.Api\TicketNest.Events.Api.csproj", "{50311D35-54C7-4541-9CCE-9E5F8A84B62D}"
EndProject
Project("{2150E333-8FDC-42A3-9474-1A3956D46DE8}") = "Bookings", "Bookings", "{6C924A52-095C-469D-AEDD-5252C19EFDC4}"
EndProject
Project("{FAE04EC0-301F-11D3-BF4B-00C04F79EFBC}") = "TicketNest.Domain.Bookings", "TicketNest.Domain.Bookings\TicketNest.Domain.Bookings.csproj", "{63C2098B-8913-4B39-B2BF-851B7940A19E}"
EndProject
Project("{FAE04EC0-301F-11D3-BF4B-00C04F79EFBC}") = "TicketNest.Application.Bookings", "TicketNest.Application.Bookings\TicketNest.Application.Bookings.csproj", "{9C0E3F47-218D-4F6B-8C4E-B10138D0C4EA}"
EndProject
Project("{FAE04EC0-301F-11D3-BF4B-00C04F79EFBC}") = "TicketNest.Bookings.Api", "TicketNest.Bookings.Api\TicketNest.Bookings.Api.csproj", "{EBCBD05F-CE5F-4F0E-A1EF-DCD114FB2F6E}"
EndProject
Project("{FAE04EC0-301F-11D3-BF4B-00C04F79EFBC}") = "TicketNest.DataAccess.Bookings", "TicketNest.DataAccess.Bookings\TicketNest.DataAccess.Bookings.csproj", "{D39818EF-4C5B-4378-B618-ACD03A29E41D}"
EndProject
Project("{FAE04EC0-301F-11D3-BF4B-00C04F79EFBC}") = "TicketNest.Infrastructure", "TicketNest.Infrastructure\TicketNest.Infrastructure.csproj", "{06387067-3C5A-43D9-97E8-D6A34015E13E}"
EndProject
Project("{FAE04EC0-301F-11D3-BF4B-00C04F79EFBC}") = "TicketNest.Contracts", "TicketNest.Contracts\TicketNest.Contracts.csproj", "{01E41622-A55D-47BC-8A57-2A35573490D3}"
EndProject
Project("{FAE04EC0-301F-11D3-BF4B-00C04F79EFBC}") = "TicketNest.Kafka", "TicketNest.Kafka\TicketNest.Kafka.csproj", "{A85035A5-DB87-4E71-8D74-EA00ACE2352C}"
EndProject
Project("{FAE04EC0-301F-11D3-BF4B-00C04F79EFBC}") = "TicketNest.Queues.Bookings", "TicketNest.Queues.Bookings\TicketNest.Queues.Bookings.csproj", "{F584B566-196A-4FB2-B8BD-BD4513770810}"
EndProject
Project("{FAE04EC0-301F-11D3-BF4B-00C04F79EFBC}") = "TicketNest.Queues.Events", "TicketNest.Queues.Events\TicketNest.Queues.Events.csproj", "{0D1FC730-9235-41A4-B50A-98977383138A}"
EndProject
Global
	GlobalSection(SolutionConfigurationPlatforms) = preSolution
		Debug|Any CPU = Debug|Any CPU
		Release|Any CPU = Release|Any CPU
	EndGlobalSection
	GlobalSection(ProjectConfigurationPlatforms) = postSolution
		{287BE28A-8D94-49FE-B9E1-85FA6DA931A8}.Debug|Any CPU.ActiveCfg = Debug|Any CPU
		{287BE28A-8D94-49FE-B9E1-85FA6DA931A8}.Debug|Any CPU.Build.0 = Debug|Any CPU
		{287BE28A-8D94-49FE-B9E1-85FA6DA931A8}.Release|Any CPU.ActiveCfg = Release|Any CPU
		{287BE28A-8D94-49FE-B9E1-85FA6DA931A8}.Release|Any CPU.Build.0 = Release|Any CPU
		{15713240-ED21-4E45-86A5-05F2BC14938A}.Debug|Any CPU.ActiveCfg = Debug|Any CPU
		{15713240-ED21-4E45-86A5-05F2BC14938A}.Debug|Any CPU.Build.0 = Debug|Any CPU
		{15713240-ED21-4E45-86A5-05F2BC14938A}.Release|Any CPU.ActiveCfg = Release|Any CPU
		{15713240-ED21-4E45-86A5-05F2BC14938A}.Release|Any CPU.Build.0 = Release|Any CPU
		{B0ABF622-FF9D-4ED5-A03B-14D83ABFBB0C}.Debug|Any CPU.ActiveCfg = Debug|Any CPU
		{B0ABF622-FF9D-4ED5-A03B-14D83ABFBB0C}.Debug|Any CPU.Build.0 = Debug|Any CPU
		{B0ABF622-FF9D-4ED5-A03B-14D83ABFBB0C}.Release|Any CPU.ActiveCfg = Release|Any CPU
		{B0ABF622-FF9D-4ED5-A03B-14D83ABFBB0C}.Release|Any CPU.Build.0 = Release|Any CPU
		{CEACB1D7-F626-4160-B8D7-30F74D0032D7}.Debug|Any CPU.ActiveCfg = Debug|Any CPU
		{CEACB1D7-F626-4160-B8D7-30F74D0032D7}.Debug|Any CPU.Build.0 = Debug|Any CPU
		{CEACB1D7-F626-4160-B8D7-30F74D0032D7}.Release|Any CPU.ActiveCfg = Release|Any CPU
		{CEACB1D7-F626-4160-B8D7-30F74D0032D7}.Release|Any CPU.Build.0 = Release|Any CPU
		{15CE9849-A248-46D4-BCB6-95C16F0A122F}.Debug|Any CPU.ActiveCfg = Debug|Any CPU
		{15CE9849-A248-46D4-BCB6-95C16F0A122F}.Debug|Any CPU.Build.0 = Debug|Any CPU
		{15CE9849-A248-46D4-BCB6-95C16F0A122F}.Release|Any CPU.ActiveCfg = Release|Any CPU
		{15CE9849-A248-46D4-BCB6-95C16F0A122F}.Release|Any CPU.Build.0 = Release|Any CPU
		{27044DEF-4DE5-467F-888B-A55E2C91DC46}.Debug|Any CPU.ActiveCfg = Debug|Any CPU
		{27044DEF-4DE5-467F-888B-A55E2C91DC46}.Debug|Any CPU.Build.0 = Debug|Any CPU
		{27044DEF-4DE5-467F-888B-A55E2C91DC46}.Release|Any CPU.ActiveCfg = Release|Any CPU
		{27044DEF-4DE5-467F-888B-A55E2C91DC46}.Release|Any CPU.Build.0 = Release|Any CPU
		{2366412D-0C47-4E80-AAE7-16C147DFFBEB}.Debug|Any CPU.ActiveCfg = Debug|Any CPU
		{2366412D-0C47-4E80-AAE7-16C147DFFBEB}.Debug|Any CPU.Build.0 = Debug|Any CPU
		{2366412D-0C47-4E80-AAE7-16C147DFFBEB}.Release|Any CPU.ActiveCfg = Release|Any CPU
		{2366412D-0C47-4E80-AAE7-16C147DFFBEB}.Release|Any CPU.Build.0 = Release|Any CPU
		{383EDF03-E7CB-43F3-AD0C-39D264DAE00D}.Debug|Any CPU.ActiveCfg = Debug|Any CPU
		{383EDF03-E7CB-43F3-AD0C-39D264DAE00D}.Debug|Any CPU.Build.0 = Debug|Any CPU
		{383EDF03-E7CB-43F3-AD0C-39D264DAE00D}.Release|Any CPU.ActiveCfg = Release|Any CPU
		{383EDF03-E7CB-43F3-AD0C-39D264DAE00D}.Release|Any CPU.Build.0 = Release|Any CPU
		{FBF9810F-0470-4924-B2B7-8E1EC36F38D0}.Debug|Any CPU.ActiveCfg = Debug|Any CPU
		{FBF9810F-0470-4924-B2B7-8E1EC36F38D0}.Debug|Any CPU.Build.0 = Debug|Any CPU
		{FBF9810F-0470-4924-B2B7-8E1EC36F38D0}.Release|Any CPU.ActiveCfg = Release|Any CPU
		{FBF9810F-0470-4924-B2B7-8E1EC36F38D0}.Release|Any CPU.Build.0 = Release|Any CPU
		{B7A99418-B34B-428E-B06E-42A6BD6E6F7C}.Debug|Any CPU.ActiveCfg = Debug|Any CPU
		{B7A99418-B34B-428E-B06E-42A6BD6E6F7C}.Debug|Any CPU.Build.0 = Debug|Any CPU
		{B7A99418-B34B-428E-B06E-42A6BD6E6F7C}.Release|Any CPU.ActiveCfg = Release|Any CPU
		{B7A99418-B34B-428E-B06E-42A6BD6E6F7C}.Release|Any CPU.Build.0 = Release|Any CPU
		{50311D35-54C7-4541-9CCE-9E5F8A84B62D}.Debug|Any CPU.ActiveCfg = Debug|Any CPU
		{50311D35-54C7-4541-9CCE-9E5F8A84B62D}.Debug|Any CPU.Build.0 = Debug|Any CPU
		{50311D35-54C7-4541-9CCE-9E5F8A84B62D}.Release|Any CPU.ActiveCfg = Release|Any CPU
		{50311D35-54C7-4541-9CCE-9E5F8A84B62D}.Release|Any CPU.Build.0 = Release|Any CPU
		{63C2098B-8913-4B39-B2BF-851B7940A19E}.Debug|Any CPU.ActiveCfg = Debug|Any CPU
		{63C2098B-8913-4B39-B2BF-851B7940A19E}.Debug|Any CPU.Build.0 = Debug|Any CPU
		{63C2098B-8913-4B39-B2BF-851B7940A19E}.Release|Any CPU.ActiveCfg = Release|Any CPU
		{63C2098B-8913-4B39-B2BF-851B7940A19E}.Release|Any CPU.Build.0 = Release|Any CPU
		{9C0E3F47-218D-4F6B-8C4E-B10138D0C4EA}.Debug|Any CPU.ActiveCfg = Debug|Any CPU
		{9C0E3F47-218D-4F6B-8C4E-B10138D0C4EA}.Debug|Any CPU.Build.0 = Debug|Any CPU
		{9C0E3F47-218D-4F6B-8C4E-B10138D0C4EA}.Release|Any CPU.ActiveCfg = Release|Any CPU
		{9C0E3F47-218D-4F6B-8C4E-B10138D0C4EA}.Release|Any CPU.Build.0 = Release|Any CPU
		{EBCBD05F-CE5F-4F0E-A1EF-DCD114FB2F6E}.Debug|Any CPU.ActiveCfg = Debug|Any CPU
		{EBCBD05F-CE5F-4F0E-A1EF-DCD114FB2F6E}.Debug|Any CPU.Build.0 = Debug|Any CPU
		{EBCBD05F-CE5F-4F0E-A1EF-DCD114FB2F6E}.Release|Any CPU.ActiveCfg = Release|Any CPU
		{EBCBD05F-CE5F-4F0E-A1EF-DCD114FB2F6E}.Release|Any CPU.Build.0 = Release|Any CPU
		{D39818EF-4C5B-4378-B618-ACD03A29E41D}.Debug|Any CPU.ActiveCfg = Debug|Any CPU
		{D39818EF-4C5B-4378-B618-ACD03A29E41D}.Debug|Any CPU.Build.0 = Debug|Any CPU
		{D39818EF-4C5B-4378-B618-ACD03A29E41D}.Release|Any CPU.ActiveCfg = Release|Any CPU
		{D39818EF-4C5B-4378-B618-ACD03A29E41D}.Release|Any CPU.Build.0 = Release|Any CPU
		{06387067-3C5A-43D9-97E8-D6A34015E13E}.Debug|Any CPU.ActiveCfg = Debug|Any CPU
		{06387067-3C5A-43D9-97E8-D6A34015E13E}.Debug|Any CPU.Build.0 = Debug|Any CPU
		{06387067-3C5A-43D9-97E8-D6A34015E13E}.Release|Any CPU.ActiveCfg = Release|Any CPU
		{06387067-3C5A-43D9-97E8-D6A34015E13E}.Release|Any CPU.Build.0 = Release|Any CPU
		{01E41622-A55D-47BC-8A57-2A35573490D3}.Debug|Any CPU.ActiveCfg = Debug|Any CPU
		{01E41622-A55D-47BC-8A57-2A35573490D3}.Debug|Any CPU.Build.0 = Debug|Any CPU
		{01E41622-A55D-47BC-8A57-2A35573490D3}.Release|Any CPU.ActiveCfg = Release|Any CPU
		{01E41622-A55D-47BC-8A57-2A35573490D3}.Release|Any CPU.Build.0 = Release|Any CPU
		{A85035A5-DB87-4E71-8D74-EA00ACE2352C}.Debug|Any CPU.ActiveCfg = Debug|Any CPU
		{A85035A5-DB87-4E71-8D74-EA00ACE2352C}.Debug|Any CPU.Build.0 = Debug|Any CPU
		{A85035A5-DB87-4E71-8D74-EA00ACE2352C}.Release|Any CPU.ActiveCfg = Release|Any CPU
		{A85035A5-DB87-4E71-8D74-EA00ACE2352C}.Release|Any CPU.Build.0 = Release|Any CPU
		{F584B566-196A-4FB2-B8BD-BD4513770810}.Debug|Any CPU.ActiveCfg = Debug|Any CPU
		{F584B566-196A-4FB2-B8BD-BD4513770810}.Debug|Any CPU.Build.0 = Debug|Any CPU
		{F584B566-196A-4FB2-B8BD-BD4513770810}.Release|Any CPU.ActiveCfg = Release|Any CPU
		{F584B566-196A-4FB2-B8BD-BD4513770810}.Release|Any CPU.Build.0 = Release|Any CPU
		{0D1FC730-9235-41A4-B50A-98977383138A}.Debug|Any CPU.ActiveCfg = Debug|Any CPU
		{0D1FC730-9235-41A4-B50A-98977383138A}.Debug|Any CPU.Build.0 = Debug|Any CPU
		{0D1FC730-9235-41A4-B50A-98977383138A}.Release|Any CPU.ActiveCfg = Release|Any CPU
		{0D1FC730-9235-41A4-B50A-98977383138A}.Release|Any CPU.Build.0 = Release|Any CPU
	EndGlobalSection
	GlobalSection(NestedProjects) = preSolution
		{15713240-ED21-4E45-86A5-05F2BC14938A} = {20EFEB38-E5EC-46B9-A122-C9C80434F6EA}
		{B0ABF622-FF9D-4ED5-A03B-14D83ABFBB0C} = {20EFEB38-E5EC-46B9-A122-C9C80434F6EA}
		{15CE9849-A248-46D4-BCB6-95C16F0A122F} = {0866FB80-D942-477B-88D9-D2669B65BB39}
		{2366412D-0C47-4E80-AAE7-16C147DFFBEB} = {0866FB80-D942-477B-88D9-D2669B65BB39}
		{27044DEF-4DE5-467F-888B-A55E2C91DC46} = {0866FB80-D942-477B-88D9-D2669B65BB39}
		{383EDF03-E7CB-43F3-AD0C-39D264DAE00D} = {E84FEDFE-404C-488F-AF72-89D50C8ED8E4}
		{B7A99418-B34B-428E-B06E-42A6BD6E6F7C} = {E84FEDFE-404C-488F-AF72-89D50C8ED8E4}
		{CEACB1D7-F626-4160-B8D7-30F74D0032D7} = {0866FB80-D942-477B-88D9-D2669B65BB39}
		{FBF9810F-0470-4924-B2B7-8E1EC36F38D0} = {E84FEDFE-404C-488F-AF72-89D50C8ED8E4}
		{50311D35-54C7-4541-9CCE-9E5F8A84B62D} = {E84FEDFE-404C-488F-AF72-89D50C8ED8E4}
		{63C2098B-8913-4B39-B2BF-851B7940A19E} = {6C924A52-095C-469D-AEDD-5252C19EFDC4}
		{9C0E3F47-218D-4F6B-8C4E-B10138D0C4EA} = {6C924A52-095C-469D-AEDD-5252C19EFDC4}
		{EBCBD05F-CE5F-4F0E-A1EF-DCD114FB2F6E} = {6C924A52-095C-469D-AEDD-5252C19EFDC4}
		{D39818EF-4C5B-4378-B618-ACD03A29E41D} = {6C924A52-095C-469D-AEDD-5252C19EFDC4}
		{F584B566-196A-4FB2-B8BD-BD4513770810} = {6C924A52-095C-469D-AEDD-5252C19EFDC4}
		{0D1FC730-9235-41A4-B50A-98977383138A} = {E84FEDFE-404C-488F-AF72-89D50C8ED8E4}
	EndGlobalSection
EndGlobal
