
Microsoft Visual Studio Solution File, Format Version 12.00
Project("{FAE04EC0-301F-11D3-BF4B-00C04F79EFBC}") = "TicketNest.Api", "TicketNest.Api\TicketNest.Api.csproj", "{4EDEB330-E38C-4454-82F2-9BF90A44D6EA}"
EndProject
Project("{2150E333-8FDC-42A3-9474-1A3956D46DE8}") = "PrimaryAdapters", "PrimaryAdapters", "{95844A6F-4733-4B6F-B7C8-515425B47A83}"
EndProject
Project("{2150E333-8FDC-42A3-9474-1A3956D46DE8}") = "ApplicationCore", "ApplicationCore", "{C0B7632F-53D4-40C0-81D1-8B5EC0E5341E}"
EndProject
Project("{2150E333-8FDC-42A3-9474-1A3956D46DE8}") = "SecondaryAdapters", "SecondaryAdapters", "{7F053C11-7F52-4634-AF29-7E13EDC4399E}"
EndProject
Project("{FAE04EC0-301F-11D3-BF4B-00C04F79EFBC}") = "TicketNest.DataAccess.Events", "TicketNest.DataAccess.Events\TicketNest.DataAccess.Events.csproj", "{66B52998-78AD-4AEA-B60D-814E77C5B568}"
EndProject
Project("{FAE04EC0-301F-11D3-BF4B-00C04F79EFBC}") = "TicketNest.Application", "TicketNest.Application\TicketNest.Application.csproj", "{961EB8A5-9868-4943-AEE0-A032FE7969A7}"
EndProject
Project("{FAE04EC0-301F-11D3-BF4B-00C04F79EFBC}") = "TicketNest.Domain", "TicketNest.Domain\TicketNest.Domain.csproj", "{02E1A607-CEA1-4010-91D4-CEBF09169F0D}"
EndProject
Project("{FAE04EC0-301F-11D3-BF4B-00C04F79EFBC}") = "TicketNest.Shared", "TicketNest.Shared\TicketNest.Shared.csproj", "{287BE28A-8D94-49FE-B9E1-85FA6DA931A8}"
EndProject
Project("{2150E333-8FDC-42A3-9474-1A3956D46DE8}") = "Nuget", "Nuget", "{9CCE8B76-CA57-4A81-9CDA-C8D2A22F7402}"
	ProjectSection(SolutionItems) = preProject
		Directory.Packages.props = Directory.Packages.props
	EndProjectSection
EndProject
Project("{2150E333-8FDC-42A3-9474-1A3956D46DE8}") = "Tests", "Tests", "{20EFEB38-E5EC-46B9-A122-C9C80434F6EA}"
EndProject
Project("{FAE04EC0-301F-11D3-BF4B-00C04F79EFBC}") = "TicketNest.UnitTests", "TicketNest.UnitTests\TicketNest.UnitTests.csproj", "{15713240-ED21-4E45-86A5-05F2BC14938A}"
EndProject
Project("{2150E333-8FDC-42A3-9474-1A3956D46DE8}") = "CI", "CI", "{64319145-1CCF-42A2-9CD6-E9A5A2A6FD9C}"
	ProjectSection(SolutionItems) = preProject
		.github\workflows\BuildBackend.yml = .github\workflows\BuildBackend.yml
	EndProjectSection
EndProject
Project("{2150E333-8FDC-42A3-9474-1A3956D46DE8}") = "Readme", "Readme", "{7BCC4469-4FC5-4844-ADB4-E4F40FE15DD6}"
	ProjectSection(SolutionItems) = preProject
		README.md = README.md
	EndProjectSection
EndProject
Project("{FAE04EC0-301F-11D3-BF4B-00C04F79EFBC}") = "TicketNest.DataAccess.Queue", "TicketNest.DataAccess.Queue\TicketNest.DataAccess.Queue.csproj", "{950F87BB-5192-40FC-84F0-5038B73B812B}"
EndProject
Project("{FAE04EC0-301F-11D3-BF4B-00C04F79EFBC}") = "TicketNest.IntegrationTests", "TicketNest.IntegrationTests\TicketNest.IntegrationTests.csproj", "{B0ABF622-FF9D-4ED5-A03B-14D83ABFBB0C}"
EndProject
Global
	GlobalSection(SolutionConfigurationPlatforms) = preSolution
		Debug|Any CPU = Debug|Any CPU
		Release|Any CPU = Release|Any CPU
	EndGlobalSection
	GlobalSection(ProjectConfigurationPlatforms) = postSolution
		{4EDEB330-E38C-4454-82F2-9BF90A44D6EA}.Debug|Any CPU.ActiveCfg = Debug|Any CPU
		{4EDEB330-E38C-4454-82F2-9BF90A44D6EA}.Debug|Any CPU.Build.0 = Debug|Any CPU
		{4EDEB330-E38C-4454-82F2-9BF90A44D6EA}.Release|Any CPU.ActiveCfg = Release|Any CPU
		{4EDEB330-E38C-4454-82F2-9BF90A44D6EA}.Release|Any CPU.Build.0 = Release|Any CPU
		{66B52998-78AD-4AEA-B60D-814E77C5B568}.Debug|Any CPU.ActiveCfg = Debug|Any CPU
		{66B52998-78AD-4AEA-B60D-814E77C5B568}.Debug|Any CPU.Build.0 = Debug|Any CPU
		{66B52998-78AD-4AEA-B60D-814E77C5B568}.Release|Any CPU.ActiveCfg = Release|Any CPU
		{66B52998-78AD-4AEA-B60D-814E77C5B568}.Release|Any CPU.Build.0 = Release|Any CPU
		{961EB8A5-9868-4943-AEE0-A032FE7969A7}.Debug|Any CPU.ActiveCfg = Debug|Any CPU
		{961EB8A5-9868-4943-AEE0-A032FE7969A7}.Debug|Any CPU.Build.0 = Debug|Any CPU
		{961EB8A5-9868-4943-AEE0-A032FE7969A7}.Release|Any CPU.ActiveCfg = Release|Any CPU
		{961EB8A5-9868-4943-AEE0-A032FE7969A7}.Release|Any CPU.Build.0 = Release|Any CPU
		{02E1A607-CEA1-4010-91D4-CEBF09169F0D}.Debug|Any CPU.ActiveCfg = Debug|Any CPU
		{02E1A607-CEA1-4010-91D4-CEBF09169F0D}.Debug|Any CPU.Build.0 = Debug|Any CPU
		{02E1A607-CEA1-4010-91D4-CEBF09169F0D}.Release|Any CPU.ActiveCfg = Release|Any CPU
		{02E1A607-CEA1-4010-91D4-CEBF09169F0D}.Release|Any CPU.Build.0 = Release|Any CPU
		{287BE28A-8D94-49FE-B9E1-85FA6DA931A8}.Debug|Any CPU.ActiveCfg = Debug|Any CPU
		{287BE28A-8D94-49FE-B9E1-85FA6DA931A8}.Debug|Any CPU.Build.0 = Debug|Any CPU
		{287BE28A-8D94-49FE-B9E1-85FA6DA931A8}.Release|Any CPU.ActiveCfg = Release|Any CPU
		{287BE28A-8D94-49FE-B9E1-85FA6DA931A8}.Release|Any CPU.Build.0 = Release|Any CPU
		{15713240-ED21-4E45-86A5-05F2BC14938A}.Debug|Any CPU.ActiveCfg = Debug|Any CPU
		{15713240-ED21-4E45-86A5-05F2BC14938A}.Debug|Any CPU.Build.0 = Debug|Any CPU
		{15713240-ED21-4E45-86A5-05F2BC14938A}.Release|Any CPU.ActiveCfg = Release|Any CPU
		{15713240-ED21-4E45-86A5-05F2BC14938A}.Release|Any CPU.Build.0 = Release|Any CPU
		{950F87BB-5192-40FC-84F0-5038B73B812B}.Debug|Any CPU.ActiveCfg = Debug|Any CPU
		{950F87BB-5192-40FC-84F0-5038B73B812B}.Debug|Any CPU.Build.0 = Debug|Any CPU
		{950F87BB-5192-40FC-84F0-5038B73B812B}.Release|Any CPU.ActiveCfg = Release|Any CPU
		{950F87BB-5192-40FC-84F0-5038B73B812B}.Release|Any CPU.Build.0 = Release|Any CPU
		{B0ABF622-FF9D-4ED5-A03B-14D83ABFBB0C}.Debug|Any CPU.ActiveCfg = Debug|Any CPU
		{B0ABF622-FF9D-4ED5-A03B-14D83ABFBB0C}.Debug|Any CPU.Build.0 = Debug|Any CPU
		{B0ABF622-FF9D-4ED5-A03B-14D83ABFBB0C}.Release|Any CPU.ActiveCfg = Release|Any CPU
		{B0ABF622-FF9D-4ED5-A03B-14D83ABFBB0C}.Release|Any CPU.Build.0 = Release|Any CPU
	EndGlobalSection
	GlobalSection(NestedProjects) = preSolution
		{4EDEB330-E38C-4454-82F2-9BF90A44D6EA} = {95844A6F-4733-4B6F-B7C8-515425B47A83}
		{66B52998-78AD-4AEA-B60D-814E77C5B568} = {7F053C11-7F52-4634-AF29-7E13EDC4399E}
		{961EB8A5-9868-4943-AEE0-A032FE7969A7} = {C0B7632F-53D4-40C0-81D1-8B5EC0E5341E}
		{02E1A607-CEA1-4010-91D4-CEBF09169F0D} = {C0B7632F-53D4-40C0-81D1-8B5EC0E5341E}
		{15713240-ED21-4E45-86A5-05F2BC14938A} = {20EFEB38-E5EC-46B9-A122-C9C80434F6EA}
		{950F87BB-5192-40FC-84F0-5038B73B812B} = {7F053C11-7F52-4634-AF29-7E13EDC4399E}
		{B0ABF622-FF9D-4ED5-A03B-14D83ABFBB0C} = {20EFEB38-E5EC-46B9-A122-C9C80434F6EA}
	EndGlobalSection
EndGlobal
